
Microsoft Visual Studio Solution File, Format Version 12.00
# Visual Studio Version 17
VisualStudioVersion = 17.1.32414.318
MinimumVisualStudioVersion = 10.0.40219.1
Project("{FAE04EC0-301F-11D3-BF4B-00C04F79EFBC}") = "PoeHelper", "PoeHelper\PoeHelper.csproj", "{8FEEF0C3-F504-4670-9040-99146D34060B}"
EndProject
Global
	GlobalSection(SolutionConfigurationPlatforms) = preSolution
		Debug|Any CPU = Debug|Any CPU
		Release|Any CPU = Release|Any CPU
	EndGlobalSection
	GlobalSection(ProjectConfigurationPlatforms) = postSolution
		{8FEEF0C3-F504-4670-9040-99146D34060B}.Debug|Any CPU.ActiveCfg = Debug|Any CPU
		{8FEEF0C3-F504-4670-9040-99146D34060B}.Debug|Any CPU.Build.0 = Debug|Any CPU
		{8FEEF0C3-F504-4670-9040-99146D34060B}.Release|Any CPU.ActiveCfg = Release|Any CPU
		{8FEEF0C3-F504-4670-9040-99146D34060B}.Release|Any CPU.Build.0 = Release|Any CPU
	EndGlobalSection
	GlobalSection(SolutionProperties) = preSolution
		HideSolutionNode = FALSE
	EndGlobalSection
	GlobalSection(ExtensibilityGlobals) = postSolution
		SolutionGuid = {D9B56D28-7D2C-4B92-88C1-14BF9F6E89EF}
	EndGlobalSection
EndGlobal
